
Microsoft Visual Studio Solution File, Format Version 12.00
# Visual Studio 14
VisualStudioVersion = 14.0.23107.0
MinimumVisualStudioVersion = 10.0.40219.1
Project("{FAE04EC0-301F-11D3-BF4B-00C04F79EFBC}") = "Authentication.Passwords", "Authentication.Passwords\Authentication.Passwords.csproj", "{DD9718AC-BC94-44A1-9985-B1E07824033C}"
EndProject
Project("{FAE04EC0-301F-11D3-BF4B-00C04F79EFBC}") = "Authentication.Passwords.Tests", "Authentication.Passwords.Tests\Authentication.Passwords.Tests.csproj", "{BAC26F6C-F873-4835-9DDA-95CF9C79C06A}"
EndProject
Project("{2150E333-8FDC-42A3-9474-1A3956D46DE8}") = "root", "root", "{833618F1-11B1-4DF2-A603-40E3CA924DAF}"
	ProjectSection(SolutionItems) = preProject
		.gitignore = .gitignore
		appveyor.yml = appveyor.yml
		LICENSE = LICENSE
		README.md = README.md
	EndProjectSection
EndProject
Global
	GlobalSection(SolutionConfigurationPlatforms) = preSolution
		Debug|Any CPU = Debug|Any CPU
		Release|Any CPU = Release|Any CPU
	EndGlobalSection
	GlobalSection(ProjectConfigurationPlatforms) = postSolution
		{DD9718AC-BC94-44A1-9985-B1E07824033C}.Debug|Any CPU.ActiveCfg = Debug|Any CPU
		{DD9718AC-BC94-44A1-9985-B1E07824033C}.Debug|Any CPU.Build.0 = Debug|Any CPU
		{DD9718AC-BC94-44A1-9985-B1E07824033C}.Release|Any CPU.ActiveCfg = Release|Any CPU
		{DD9718AC-BC94-44A1-9985-B1E07824033C}.Release|Any CPU.Build.0 = Release|Any CPU
		{BAC26F6C-F873-4835-9DDA-95CF9C79C06A}.Debug|Any CPU.ActiveCfg = Debug|Any CPU
		{BAC26F6C-F873-4835-9DDA-95CF9C79C06A}.Debug|Any CPU.Build.0 = Debug|Any CPU
		{BAC26F6C-F873-4835-9DDA-95CF9C79C06A}.Release|Any CPU.ActiveCfg = Release|Any CPU
		{BAC26F6C-F873-4835-9DDA-95CF9C79C06A}.Release|Any CPU.Build.0 = Release|Any CPU
	EndGlobalSection
	GlobalSection(SolutionProperties) = preSolution
		HideSolutionNode = FALSE
	EndGlobalSection
EndGlobal
